
Microsoft Visual Studio Solution File, Format Version 12.00
# Visual Studio 15
VisualStudioVersion = 15.0.26730.8
MinimumVisualStudioVersion = 10.0.40219.1
Project("{2150E333-8FDC-42A3-9474-1A3956D46DE8}") = "src", "src", "{891A3745-C441-4A44-9B26-10BA0ABC8230}"
EndProject
Project("{2150E333-8FDC-42A3-9474-1A3956D46DE8}") = "test", "test", "{3A4F46D3-AB26-49F4-A7DD-9DD0DE5C7E57}"
EndProject
Project("{2150E333-8FDC-42A3-9474-1A3956D46DE8}") = "module", "module", "{48EA2525-2CF8-4744-9AEE-9C6D98C77D7F}"
EndProject
Project("{2150E333-8FDC-42A3-9474-1A3956D46DE8}") = "platform", "platform", "{3C4A83F5-14B6-40A4-B30A-6C8CE8735899}"
EndProject
Project("{2150E333-8FDC-42A3-9474-1A3956D46DE8}") = "module", "module", "{80966986-053A-4B92-91EB-214C3A1D981B}"
EndProject
Project("{2150E333-8FDC-42A3-9474-1A3956D46DE8}") = "platform", "platform", "{B79A6A28-F805-4994-9924-F5D21E6F6E48}"
EndProject
Project("{FAE04EC0-301F-11D3-BF4B-00C04F79EFBC}") = "PlatformService.Core", "src\platform\PlatformService.Core\PlatformService.Core.csproj", "{135D9E41-6C9A-4F36-BEF6-8A6D7B15ED5F}"
EndProject
Project("{FAE04EC0-301F-11D3-BF4B-00C04F79EFBC}") = "Abp.Web.Api", "src\platform\Abp.Web.Api\Abp.Web.Api.csproj", "{0B14B963-7C14-48E4-8B60-001A76571664}"
EndProject
Project("{FAE04EC0-301F-11D3-BF4B-00C04F79EFBC}") = "PlatformService.WebHost", "src\platform\PlatformService.WebHost\PlatformService.WebHost.csproj", "{DD2756A9-0DD2-4974-84A9-5DB12768DD3E}"
EndProject
Project("{FAE04EC0-301F-11D3-BF4B-00C04F79EFBC}") = "PlatformService.BridgeComponent", "src\platform\PlatformService.BridgeComponent\PlatformService.BridgeComponent.csproj", "{496CF65C-4457-4ECD-B21D-9008AF565A61}"
EndProject
Project("{2150E333-8FDC-42A3-9474-1A3956D46DE8}") = "userPermission", "userPermission", "{721B3F04-3513-4386-8A7E-F660DF3C5621}"
EndProject
Project("{FAE04EC0-301F-11D3-BF4B-00C04F79EFBC}") = "Clear.UserPermission", "src\modules\userPermission\Clear.UserPermission\Clear.UserPermission.csproj", "{E351160B-CBDE-4B08-90A0-B17F9CA9D4E5}"
EndProject
Project("{2150E333-8FDC-42A3-9474-1A3956D46DE8}") = "clientAuthorization", "clientAuthorization", "{538F4D52-47D9-4D0D-AFA2-A9C40C7F4718}"
EndProject
Project("{FAE04EC0-301F-11D3-BF4B-00C04F79EFBC}") = "Clear.ClientAuthorization", "src\modules\clientAuthorization\Clear.ClientAuthorization\Clear.ClientAuthorization.csproj", "{E235F270-8E97-4007-8FE0-6ACF4F88FC1F}"
EndProject
Project("{2150E333-8FDC-42A3-9474-1A3956D46DE8}") = "common", "common", "{5ACAAE76-6E50-4B3D-93CB-01CCD1A1CB37}"
EndProject
Project("{FAE04EC0-301F-11D3-BF4B-00C04F79EFBC}") = "Clear.CommonContext", "src\modules\common\Clear.CommonContext\Clear.CommonContext.csproj", "{E62EB603-83C4-412B-AA32-A07BD2639D46}"
EndProject
Project("{2150E333-8FDC-42A3-9474-1A3956D46DE8}") = "userPermission", "userPermission", "{CA4F8A64-6499-45FD-904D-6DE2E01A1ADB}"
EndProject
Project("{FAE04EC0-301F-11D3-BF4B-00C04F79EFBC}") = "Clear.UserPermission.Test", "test\modules\userPermission\Clear.UserPermission.Test\Clear.UserPermission.Test.csproj", "{92D8C102-97CB-45BE-B741-E1029CAC12D4}"
EndProject
Project("{2150E333-8FDC-42A3-9474-1A3956D46DE8}") = "ecardSystem", "ecardSystem", "{92D25438-8E58-4441-9261-C8B1855785DA}"
EndProject
Project("{FAE04EC0-301F-11D3-BF4B-00C04F79EFBC}") = "Clear.Settlement", "src\modules\ecardSystem\Clear.Settlement\Clear.Settlement.csproj", "{71FA9C0C-BDD5-4A6B-ACBA-5A9587C5A775}"
EndProject
Project("{FAE04EC0-301F-11D3-BF4B-00C04F79EFBC}") = "Clear.AccountManage", "src\modules\ecardSystem\Clear.AccountManage\Clear.AccountManage.csproj", "{C97363DE-5E68-4A83-8A60-B36EDD774D43}"
EndProject
Project("{2150E333-8FDC-42A3-9474-1A3956D46DE8}") = "ecardSystem", "ecardSystem", "{06F9A8AC-16FD-4F47-8C6D-E41A4AFFE931}"
EndProject
Project("{FAE04EC0-301F-11D3-BF4B-00C04F79EFBC}") = "Clear.Settlement.Test", "test\modules\ecardSystem\Clear.Settlement.Test\Clear.Settlement.Test.csproj", "{1FEC72D2-9485-4451-8B40-F6BF38A3808E}"
EndProject
Global
	GlobalSection(SolutionConfigurationPlatforms) = preSolution
		Debug|Any CPU = Debug|Any CPU
		Release|Any CPU = Release|Any CPU
	EndGlobalSection
	GlobalSection(ProjectConfigurationPlatforms) = postSolution
		{135D9E41-6C9A-4F36-BEF6-8A6D7B15ED5F}.Debug|Any CPU.ActiveCfg = Debug|Any CPU
		{135D9E41-6C9A-4F36-BEF6-8A6D7B15ED5F}.Debug|Any CPU.Build.0 = Debug|Any CPU
		{135D9E41-6C9A-4F36-BEF6-8A6D7B15ED5F}.Release|Any CPU.ActiveCfg = Release|Any CPU
		{135D9E41-6C9A-4F36-BEF6-8A6D7B15ED5F}.Release|Any CPU.Build.0 = Release|Any CPU
		{0B14B963-7C14-48E4-8B60-001A76571664}.Debug|Any CPU.ActiveCfg = Debug|Any CPU
		{0B14B963-7C14-48E4-8B60-001A76571664}.Debug|Any CPU.Build.0 = Debug|Any CPU
		{0B14B963-7C14-48E4-8B60-001A76571664}.Release|Any CPU.ActiveCfg = Release|Any CPU
		{0B14B963-7C14-48E4-8B60-001A76571664}.Release|Any CPU.Build.0 = Release|Any CPU
		{DD2756A9-0DD2-4974-84A9-5DB12768DD3E}.Debug|Any CPU.ActiveCfg = Debug|Any CPU
		{DD2756A9-0DD2-4974-84A9-5DB12768DD3E}.Debug|Any CPU.Build.0 = Debug|Any CPU
		{DD2756A9-0DD2-4974-84A9-5DB12768DD3E}.Release|Any CPU.ActiveCfg = Release|Any CPU
		{DD2756A9-0DD2-4974-84A9-5DB12768DD3E}.Release|Any CPU.Build.0 = Release|Any CPU
		{496CF65C-4457-4ECD-B21D-9008AF565A61}.Debug|Any CPU.ActiveCfg = Debug|Any CPU
		{496CF65C-4457-4ECD-B21D-9008AF565A61}.Debug|Any CPU.Build.0 = Debug|Any CPU
		{496CF65C-4457-4ECD-B21D-9008AF565A61}.Release|Any CPU.ActiveCfg = Release|Any CPU
		{496CF65C-4457-4ECD-B21D-9008AF565A61}.Release|Any CPU.Build.0 = Release|Any CPU
		{E351160B-CBDE-4B08-90A0-B17F9CA9D4E5}.Debug|Any CPU.ActiveCfg = Debug|Any CPU
		{E351160B-CBDE-4B08-90A0-B17F9CA9D4E5}.Debug|Any CPU.Build.0 = Debug|Any CPU
		{E351160B-CBDE-4B08-90A0-B17F9CA9D4E5}.Release|Any CPU.ActiveCfg = Release|Any CPU
		{E351160B-CBDE-4B08-90A0-B17F9CA9D4E5}.Release|Any CPU.Build.0 = Release|Any CPU
		{E235F270-8E97-4007-8FE0-6ACF4F88FC1F}.Debug|Any CPU.ActiveCfg = Debug|Any CPU
		{E235F270-8E97-4007-8FE0-6ACF4F88FC1F}.Debug|Any CPU.Build.0 = Debug|Any CPU
		{E235F270-8E97-4007-8FE0-6ACF4F88FC1F}.Release|Any CPU.ActiveCfg = Release|Any CPU
		{E235F270-8E97-4007-8FE0-6ACF4F88FC1F}.Release|Any CPU.Build.0 = Release|Any CPU
		{E62EB603-83C4-412B-AA32-A07BD2639D46}.Debug|Any CPU.ActiveCfg = Debug|Any CPU
		{E62EB603-83C4-412B-AA32-A07BD2639D46}.Debug|Any CPU.Build.0 = Debug|Any CPU
		{E62EB603-83C4-412B-AA32-A07BD2639D46}.Release|Any CPU.ActiveCfg = Release|Any CPU
		{E62EB603-83C4-412B-AA32-A07BD2639D46}.Release|Any CPU.Build.0 = Release|Any CPU
		{92D8C102-97CB-45BE-B741-E1029CAC12D4}.Debug|Any CPU.ActiveCfg = Debug|Any CPU
		{92D8C102-97CB-45BE-B741-E1029CAC12D4}.Debug|Any CPU.Build.0 = Debug|Any CPU
		{92D8C102-97CB-45BE-B741-E1029CAC12D4}.Release|Any CPU.ActiveCfg = Release|Any CPU
		{92D8C102-97CB-45BE-B741-E1029CAC12D4}.Release|Any CPU.Build.0 = Release|Any CPU
		{71FA9C0C-BDD5-4A6B-ACBA-5A9587C5A775}.Debug|Any CPU.ActiveCfg = Debug|Any CPU
		{71FA9C0C-BDD5-4A6B-ACBA-5A9587C5A775}.Debug|Any CPU.Build.0 = Debug|Any CPU
		{71FA9C0C-BDD5-4A6B-ACBA-5A9587C5A775}.Release|Any CPU.ActiveCfg = Release|Any CPU
		{71FA9C0C-BDD5-4A6B-ACBA-5A9587C5A775}.Release|Any CPU.Build.0 = Release|Any CPU
		{C97363DE-5E68-4A83-8A60-B36EDD774D43}.Debug|Any CPU.ActiveCfg = Debug|Any CPU
		{C97363DE-5E68-4A83-8A60-B36EDD774D43}.Debug|Any CPU.Build.0 = Debug|Any CPU
		{C97363DE-5E68-4A83-8A60-B36EDD774D43}.Release|Any CPU.ActiveCfg = Release|Any CPU
		{C97363DE-5E68-4A83-8A60-B36EDD774D43}.Release|Any CPU.Build.0 = Release|Any CPU
		{1FEC72D2-9485-4451-8B40-F6BF38A3808E}.Debug|Any CPU.ActiveCfg = Debug|Any CPU
		{1FEC72D2-9485-4451-8B40-F6BF38A3808E}.Debug|Any CPU.Build.0 = Debug|Any CPU
		{1FEC72D2-9485-4451-8B40-F6BF38A3808E}.Release|Any CPU.ActiveCfg = Release|Any CPU
		{1FEC72D2-9485-4451-8B40-F6BF38A3808E}.Release|Any CPU.Build.0 = Release|Any CPU
	EndGlobalSection
	GlobalSection(SolutionProperties) = preSolution
		HideSolutionNode = FALSE
	EndGlobalSection
	GlobalSection(NestedProjects) = preSolution
		{48EA2525-2CF8-4744-9AEE-9C6D98C77D7F} = {891A3745-C441-4A44-9B26-10BA0ABC8230}
		{3C4A83F5-14B6-40A4-B30A-6C8CE8735899} = {891A3745-C441-4A44-9B26-10BA0ABC8230}
		{80966986-053A-4B92-91EB-214C3A1D981B} = {3A4F46D3-AB26-49F4-A7DD-9DD0DE5C7E57}
		{B79A6A28-F805-4994-9924-F5D21E6F6E48} = {3A4F46D3-AB26-49F4-A7DD-9DD0DE5C7E57}
		{135D9E41-6C9A-4F36-BEF6-8A6D7B15ED5F} = {3C4A83F5-14B6-40A4-B30A-6C8CE8735899}
		{0B14B963-7C14-48E4-8B60-001A76571664} = {3C4A83F5-14B6-40A4-B30A-6C8CE8735899}
		{DD2756A9-0DD2-4974-84A9-5DB12768DD3E} = {3C4A83F5-14B6-40A4-B30A-6C8CE8735899}
		{496CF65C-4457-4ECD-B21D-9008AF565A61} = {3C4A83F5-14B6-40A4-B30A-6C8CE8735899}
		{721B3F04-3513-4386-8A7E-F660DF3C5621} = {48EA2525-2CF8-4744-9AEE-9C6D98C77D7F}
		{E351160B-CBDE-4B08-90A0-B17F9CA9D4E5} = {721B3F04-3513-4386-8A7E-F660DF3C5621}
		{538F4D52-47D9-4D0D-AFA2-A9C40C7F4718} = {48EA2525-2CF8-4744-9AEE-9C6D98C77D7F}
		{E235F270-8E97-4007-8FE0-6ACF4F88FC1F} = {538F4D52-47D9-4D0D-AFA2-A9C40C7F4718}
		{5ACAAE76-6E50-4B3D-93CB-01CCD1A1CB37} = {48EA2525-2CF8-4744-9AEE-9C6D98C77D7F}
		{E62EB603-83C4-412B-AA32-A07BD2639D46} = {5ACAAE76-6E50-4B3D-93CB-01CCD1A1CB37}
		{CA4F8A64-6499-45FD-904D-6DE2E01A1ADB} = {80966986-053A-4B92-91EB-214C3A1D981B}
		{92D8C102-97CB-45BE-B741-E1029CAC12D4} = {CA4F8A64-6499-45FD-904D-6DE2E01A1ADB}
		{92D25438-8E58-4441-9261-C8B1855785DA} = {48EA2525-2CF8-4744-9AEE-9C6D98C77D7F}
		{71FA9C0C-BDD5-4A6B-ACBA-5A9587C5A775} = {92D25438-8E58-4441-9261-C8B1855785DA}
		{C97363DE-5E68-4A83-8A60-B36EDD774D43} = {92D25438-8E58-4441-9261-C8B1855785DA}
		{06F9A8AC-16FD-4F47-8C6D-E41A4AFFE931} = {80966986-053A-4B92-91EB-214C3A1D981B}
		{1FEC72D2-9485-4451-8B40-F6BF38A3808E} = {06F9A8AC-16FD-4F47-8C6D-E41A4AFFE931}
	EndGlobalSection
	GlobalSection(ExtensibilityGlobals) = postSolution
		SolutionGuid = {01FA4993-A948-4324-91DC-EEB53FB94DDF}
	EndGlobalSection
EndGlobal
